
Microsoft Visual Studio Solution File, Format Version 12.00
# Visual Studio 15
VisualStudioVersion = 15.0.28307.757
MinimumVisualStudioVersion = 10.0.40219.1
Project("{888888A0-9F3D-457C-B088-3A5042F75D52}") = "1Floors", "1Floors\1Floors.pyproj", "{84259484-73B5-4FBE-9730-18CA575002D8}"
EndProject
Global
	GlobalSection(SolutionConfigurationPlatforms) = preSolution
		Debug|Any CPU = Debug|Any CPU
		Release|Any CPU = Release|Any CPU
	EndGlobalSection
	GlobalSection(ProjectConfigurationPlatforms) = postSolution
		{84259484-73B5-4FBE-9730-18CA575002D8}.Debug|Any CPU.ActiveCfg = Debug|Any CPU
		{84259484-73B5-4FBE-9730-18CA575002D8}.Release|Any CPU.ActiveCfg = Release|Any CPU
	EndGlobalSection
	GlobalSection(SolutionProperties) = preSolution
		HideSolutionNode = FALSE
	EndGlobalSection
	GlobalSection(ExtensibilityGlobals) = postSolution
		SolutionGuid = {4E6AB835-B14B-40EA-9714-390D847921C7}
	EndGlobalSection
EndGlobal
