
Microsoft Visual Studio Solution File, Format Version 12.00
# Visual Studio 15
VisualStudioVersion = 15.0.28307.757
MinimumVisualStudioVersion = 10.0.40219.1
Project("{888888A0-9F3D-457C-B088-3A5042F75D52}") = "3PigLatin", "3PigLatin\3PigLatin.pyproj", "{7209C0E5-1D19-41EA-94F5-983FA5744B84}"
EndProject
Global
	GlobalSection(SolutionConfigurationPlatforms) = preSolution
		Debug|Any CPU = Debug|Any CPU
		Release|Any CPU = Release|Any CPU
	EndGlobalSection
	GlobalSection(ProjectConfigurationPlatforms) = postSolution
		{7209C0E5-1D19-41EA-94F5-983FA5744B84}.Debug|Any CPU.ActiveCfg = Debug|Any CPU
		{7209C0E5-1D19-41EA-94F5-983FA5744B84}.Release|Any CPU.ActiveCfg = Release|Any CPU
	EndGlobalSection
	GlobalSection(SolutionProperties) = preSolution
		HideSolutionNode = FALSE
	EndGlobalSection
	GlobalSection(ExtensibilityGlobals) = postSolution
		SolutionGuid = {239DA660-9739-4C85-8570-6BF61C775F4E}
	EndGlobalSection
EndGlobal
