
Microsoft Visual Studio Solution File, Format Version 12.00
# Visual Studio 15
VisualStudioVersion = 15.0.28307.757
MinimumVisualStudioVersion = 10.0.40219.1
Project("{888888A0-9F3D-457C-B088-3A5042F75D52}") = "8Palindrome", "8Palindrome\8Palindrome.pyproj", "{22021FFF-C16B-46EB-BCF8-793BC2467CB6}"
EndProject
Global
	GlobalSection(SolutionConfigurationPlatforms) = preSolution
		Debug|Any CPU = Debug|Any CPU
		Release|Any CPU = Release|Any CPU
	EndGlobalSection
	GlobalSection(ProjectConfigurationPlatforms) = postSolution
		{22021FFF-C16B-46EB-BCF8-793BC2467CB6}.Debug|Any CPU.ActiveCfg = Debug|Any CPU
		{22021FFF-C16B-46EB-BCF8-793BC2467CB6}.Release|Any CPU.ActiveCfg = Release|Any CPU
	EndGlobalSection
	GlobalSection(SolutionProperties) = preSolution
		HideSolutionNode = FALSE
	EndGlobalSection
	GlobalSection(ExtensibilityGlobals) = postSolution
		SolutionGuid = {66E8E232-FD98-42EF-A0D9-8F57729A2D14}
	EndGlobalSection
EndGlobal
