
Microsoft Visual Studio Solution File, Format Version 12.00
# Visual Studio 15
VisualStudioVersion = 15.0.28307.757
MinimumVisualStudioVersion = 10.0.40219.1
Project("{888888A0-9F3D-457C-B088-3A5042F75D52}") = "6Calculator", "6Calculator\6Calculator.pyproj", "{7CF4ED35-5C6E-4971-93AF-941F17A013B3}"
EndProject
Global
	GlobalSection(SolutionConfigurationPlatforms) = preSolution
		Debug|Any CPU = Debug|Any CPU
		Release|Any CPU = Release|Any CPU
	EndGlobalSection
	GlobalSection(ProjectConfigurationPlatforms) = postSolution
		{7CF4ED35-5C6E-4971-93AF-941F17A013B3}.Debug|Any CPU.ActiveCfg = Debug|Any CPU
		{7CF4ED35-5C6E-4971-93AF-941F17A013B3}.Release|Any CPU.ActiveCfg = Release|Any CPU
	EndGlobalSection
	GlobalSection(SolutionProperties) = preSolution
		HideSolutionNode = FALSE
	EndGlobalSection
	GlobalSection(ExtensibilityGlobals) = postSolution
		SolutionGuid = {3EA52B81-4A58-43F6-A31F-F0433D543EEF}
	EndGlobalSection
EndGlobal
